
Microsoft Visual Studio Solution File, Format Version 12.00
# Visual Studio 15
VisualStudioVersion = 15.0.27428.2002
MinimumVisualStudioVersion = 10.0.40219.1
Project("{FAE04EC0-301F-11D3-BF4B-00C04F79EFBC}") = "Calendar", "Calendar\Calendar.csproj", "{DA2EB1EA-5E46-4BFC-A76C-AB4149A17224}"
EndProject
Global
	GlobalSection(SolutionConfigurationPlatforms) = preSolution
		Debug|Any CPU = Debug|Any CPU
		Release|Any CPU = Release|Any CPU
	EndGlobalSection
	GlobalSection(ProjectConfigurationPlatforms) = postSolution
		{DA2EB1EA-5E46-4BFC-A76C-AB4149A17224}.Debug|Any CPU.ActiveCfg = Debug|Any CPU
		{DA2EB1EA-5E46-4BFC-A76C-AB4149A17224}.Debug|Any CPU.Build.0 = Debug|Any CPU
		{DA2EB1EA-5E46-4BFC-A76C-AB4149A17224}.Release|Any CPU.ActiveCfg = Release|Any CPU
		{DA2EB1EA-5E46-4BFC-A76C-AB4149A17224}.Release|Any CPU.Build.0 = Release|Any CPU
	EndGlobalSection
	GlobalSection(SolutionProperties) = preSolution
		HideSolutionNode = FALSE
	EndGlobalSection
	GlobalSection(ExtensibilityGlobals) = postSolution
		SolutionGuid = {AA64FD1A-0BF8-41E8-9757-C4C248B3AEB9}
	EndGlobalSection
EndGlobal
